// !$*UTF8*$!
{
	archiveVersion = 1;
	classes = {
	};
	objectVersion = 50;
	objects = {

/* Begin PBXBuildFile section */
		EAB49B5321B1358900624D05 /* AppDelegate.m in Sources */ = {isa = PBXBuildFile; fileRef = EAB49B5221B1358900624D05 /* AppDelegate.m */; };
		EAB49B5621B1358900624D05 /* ViewController.m in Sources */ = {isa = PBXBuildFile; fileRef = EAB49B5521B1358900624D05 /* ViewController.m */; };
		EAB49B5921B1358900624D05 /* Main.storyboard in Resources */ = {isa = PBXBuildFile; fileRef = EAB49B5721B1358900624D05 /* Main.storyboard */; };
		EAB49B5B21B1358A00624D05 /* Assets.xcassets in Resources */ = {isa = PBXBuildFile; fileRef = EAB49B5A21B1358A00624D05 /* Assets.xcassets */; };
		EAB49B5E21B1358A00624D05 /* LaunchScreen.storyboard in Resources */ = {isa = PBXBuildFile; fileRef = EAB49B5C21B1358A00624D05 /* LaunchScreen.storyboard */; };
		EAB49B6121B1358A00624D05 /* main.m in Sources */ = {isa = PBXBuildFile; fileRef = EAB49B6021B1358A00624D05 /* main.m */; };
		EAB49B6B21B1358A00624D05 /* MFWebSocketTests.m in Sources */ = {isa = PBXBuildFile; fileRef = EAB49B6A21B1358A00624D05 /* MFWebSocketTests.m */; };
		EAB49B7621B1358A00624D05 /* MFWebSocketUITests.m in Sources */ = {isa = PBXBuildFile; fileRef = EAB49B7521B1358A00624D05 /* MFWebSocketUITests.m */; };
		EAB49B8621B135E800624D05 /* MFWebSocketManager.m in Sources */ = {isa = PBXBuildFile; fileRef = EAB49B8421B135E800624D05 /* MFWebSocketManager.m */; };
/* End PBXBuildFile section */

/* Begin PBXContainerItemProxy section */
		EAB49B6721B1358A00624D05 /* PBXContainerItemProxy */ = {
			isa = PBXContainerItemProxy;
			containerPortal = EAB49B4621B1358900624D05 /* Project object */;
			proxyType = 1;
			remoteGlobalIDString = EAB49B4D21B1358900624D05;
			remoteInfo = MFWebSocket;
		};
		EAB49B7221B1358A00624D05 /* PBXContainerItemProxy */ = {
			isa = PBXContainerItemProxy;
			containerPortal = EAB49B4621B1358900624D05 /* Project object */;
			proxyType = 1;
			remoteGlobalIDString = EAB49B4D21B1358900624D05;
			remoteInfo = MFWebSocket;
		};
/* End PBXContainerItemProxy section */

/* Begin PBXFileReference section */
		EAB49B4E21B1358900624D05 /* MFWebSocket.app */ = {isa = PBXFileReference; explicitFileType = wrapper.application; includeInIndex = 0; path = MFWebSocket.app; sourceTree = BUILT_PRODUCTS_DIR; };
		EAB49B5121B1358900624D05 /* AppDelegate.h */ = {isa = PBXFileReference; lastKnownFileType = sourcecode.c.h; path = AppDelegate.h; sourceTree = "<group>"; };
		EAB49B5221B1358900624D05 /* AppDelegate.m */ = {isa = PBXFileReference; lastKnownFileType = sourcecode.c.objc; path = AppDelegate.m; sourceTree = "<group>"; };
		EAB49B5421B1358900624D05 /* ViewController.h */ = {isa = PBXFileReference; lastKnownFileType = sourcecode.c.h; path = ViewController.h; sourceTree = "<group>"; };
		EAB49B5521B1358900624D05 /* ViewController.m */ = {isa = PBXFileReference; lastKnownFileType = sourcecode.c.objc; path = ViewController.m; sourceTree = "<group>"; };
		EAB49B5821B1358900624D05 /* Base */ = {isa = PBXFileReference; lastKnownFileType = file.storyboard; name = Base; path = Base.lproj/Main.storyboard; sourceTree = "<group>"; };
		EAB49B5A21B1358A00624D05 /* Assets.xcassets */ = {isa = PBXFileReference; lastKnownFileType = folder.assetcatalog; path = Assets.xcassets; sourceTree = "<group>"; };
		EAB49B5D21B1358A00624D05 /* Base */ = {isa = PBXFileReference; lastKnownFileType = file.storyboard; name = Base; path = Base.lproj/LaunchScreen.storyboard; sourceTree = "<group>"; };
		EAB49B5F21B1358A00624D05 /* Info.plist */ = {isa = PBXFileReference; lastKnownFileType = text.plist.xml; path = Info.plist; sourceTree = "<group>"; };
		EAB49B6021B1358A00624D05 /* main.m */ = {isa = PBXFileReference; lastKnownFileType = sourcecode.c.objc; path = main.m; sourceTree = "<group>"; };
		EAB49B6621B1358A00624D05 /* MFWebSocketTests.xctest */ = {isa = PBXFileReference; explicitFileType = wrapper.cfbundle; includeInIndex = 0; path = MFWebSocketTests.xctest; sourceTree = BUILT_PRODUCTS_DIR; };
		EAB49B6A21B1358A00624D05 /* MFWebSocketTests.m */ = {isa = PBXFileReference; lastKnownFileType = sourcecode.c.objc; path = MFWebSocketTests.m; sourceTree = "<group>"; };
		EAB49B6C21B1358A00624D05 /* Info.plist */ = {isa = PBXFileReference; lastKnownFileType = text.plist.xml; path = Info.plist; sourceTree = "<group>"; };
		EAB49B7121B1358A00624D05 /* MFWebSocketUITests.xctest */ = {isa = PBXFileReference; explicitFileType = wrapper.cfbundle; includeInIndex = 0; path = MFWebSocketUITests.xctest; sourceTree = BUILT_PRODUCTS_DIR; };
		EAB49B7521B1358A00624D05 /* MFWebSocketUITests.m */ = {isa = PBXFileReference; lastKnownFileType = sourcecode.c.objc; path = MFWebSocketUITests.m; sourceTree = "<group>"; };
		EAB49B7721B1358A00624D05 /* Info.plist */ = {isa = PBXFileReference; lastKnownFileType = text.plist.xml; path = Info.plist; sourceTree = "<group>"; };
		EAB49B8421B135E800624D05 /* MFWebSocketManager.m */ = {isa = PBXFileReference; fileEncoding = 4; lastKnownFileType = sourcecode.c.objc; path = MFWebSocketManager.m; sourceTree = "<group>"; };
		EAB49B8521B135E800624D05 /* MFWebSocketManager.h */ = {isa = PBXFileReference; fileEncoding = 4; lastKnownFileType = sourcecode.c.h; path = MFWebSocketManager.h; sourceTree = "<group>"; };
/* End PBXFileReference section */

/* Begin PBXFrameworksBuildPhase section */
		EAB49B4B21B1358900624D05 /* Frameworks */ = {
			isa = PBXFrameworksBuildPhase;
			buildActionMask = 2147483647;
			files = (
			);
			runOnlyForDeploymentPostprocessing = 0;
		};
		EAB49B6321B1358A00624D05 /* Frameworks */ = {
			isa = PBXFrameworksBuildPhase;
			buildActionMask = 2147483647;
			files = (
			);
			runOnlyForDeploymentPostprocessing = 0;
		};
		EAB49B6E21B1358A00624D05 /* Frameworks */ = {
			isa = PBXFrameworksBuildPhase;
			buildActionMask = 2147483647;
			files = (
			);
			runOnlyForDeploymentPostprocessing = 0;
		};
/* End PBXFrameworksBuildPhase section */

/* Begin PBXGroup section */
		EAB49B4521B1358900624D05 = {
			isa = PBXGroup;
			children = (
				EAB49B5021B1358900624D05 /* MFWebSocket */,
				EAB49B6921B1358A00624D05 /* MFWebSocketTests */,
				EAB49B7421B1358A00624D05 /* MFWebSocketUITests */,
				EAB49B4F21B1358900624D05 /* Products */,
			);
			sourceTree = "<group>";
		};
		EAB49B4F21B1358900624D05 /* Products */ = {
			isa = PBXGroup;
			children = (
				EAB49B4E21B1358900624D05 /* MFWebSocket.app */,
				EAB49B6621B1358A00624D05 /* MFWebSocketTests.xctest */,
				EAB49B7121B1358A00624D05 /* MFWebSocketUITests.xctest */,
			);
			name = Products;
			sourceTree = "<group>";
		};
		EAB49B5021B1358900624D05 /* MFWebSocket */ = {
			isa = PBXGroup;
			children = (
				EAB49B8321B135E800624D05 /* MFWebSocket */,
				EAB49B5121B1358900624D05 /* AppDelegate.h */,
				EAB49B5221B1358900624D05 /* AppDelegate.m */,
				EAB49B5421B1358900624D05 /* ViewController.h */,
				EAB49B5521B1358900624D05 /* ViewController.m */,
				EAB49B5721B1358900624D05 /* Main.storyboard */,
				EAB49B5A21B1358A00624D05 /* Assets.xcassets */,
				EAB49B5C21B1358A00624D05 /* LaunchScreen.storyboard */,
				EAB49B5F21B1358A00624D05 /* Info.plist */,
				EAB49B6021B1358A00624D05 /* main.m */,
			);
			path = MFWebSocket;
			sourceTree = "<group>";
		};
		EAB49B6921B1358A00624D05 /* MFWebSocketTests */ = {
			isa = PBXGroup;
			children = (
				EAB49B6A21B1358A00624D05 /* MFWebSocketTests.m */,
				EAB49B6C21B1358A00624D05 /* Info.plist */,
			);
			path = MFWebSocketTests;
			sourceTree = "<group>";
		};
		EAB49B7421B1358A00624D05 /* MFWebSocketUITests */ = {
			isa = PBXGroup;
			children = (
				EAB49B7521B1358A00624D05 /* MFWebSocketUITests.m */,
				EAB49B7721B1358A00624D05 /* Info.plist */,
			);
			path = MFWebSocketUITests;
			sourceTree = "<group>";
		};
		EAB49B8321B135E800624D05 /* MFWebSocket */ = {
			isa = PBXGroup;
			children = (
				EAB49B8421B135E800624D05 /* MFWebSocketManager.m */,
				EAB49B8521B135E800624D05 /* MFWebSocketManager.h */,
			);
			path = MFWebSocket;
			sourceTree = "<group>";
		};
/* End PBXGroup section */

/* Begin PBXNativeTarget section */
		EAB49B4D21B1358900624D05 /* MFWebSocket */ = {
			isa = PBXNativeTarget;
			buildConfigurationList = EAB49B7A21B1358A00624D05 /* Build configuration list for PBXNativeTarget "MFWebSocket" */;
			buildPhases = (
				EAB49B4A21B1358900624D05 /* Sources */,
				EAB49B4B21B1358900624D05 /* Frameworks */,
				EAB49B4C21B1358900624D05 /* Resources */,
			);
			buildRules = (
			);
			dependencies = (
			);
			name = MFWebSocket;
			productName = MFWebSocket;
			productReference = EAB49B4E21B1358900624D05 /* MFWebSocket.app */;
			productType = "com.apple.product-type.application";
		};
		EAB49B6521B1358A00624D05 /* MFWebSocketTests */ = {
			isa = PBXNativeTarget;
			buildConfigurationList = EAB49B7D21B1358A00624D05 /* Build configuration list for PBXNativeTarget "MFWebSocketTests" */;
			buildPhases = (
				EAB49B6221B1358A00624D05 /* Sources */,
				EAB49B6321B1358A00624D05 /* Frameworks */,
				EAB49B6421B1358A00624D05 /* Resources */,
			);
			buildRules = (
			);
			dependencies = (
				EAB49B6821B1358A00624D05 /* PBXTargetDependency */,
			);
			name = MFWebSocketTests;
			productName = MFWebSocketTests;
			productReference = EAB49B6621B1358A00624D05 /* MFWebSocketTests.xctest */;
			productType = "com.apple.product-type.bundle.unit-test";
		};
		EAB49B7021B1358A00624D05 /* MFWebSocketUITests */ = {
			isa = PBXNativeTarget;
			buildConfigurationList = EAB49B8021B1358A00624D05 /* Build configuration list for PBXNativeTarget "MFWebSocketUITests" */;
			buildPhases = (
				EAB49B6D21B1358A00624D05 /* Sources */,
				EAB49B6E21B1358A00624D05 /* Frameworks */,
				EAB49B6F21B1358A00624D05 /* Resources */,
			);
			buildRules = (
			);
			dependencies = (
				EAB49B7321B1358A00624D05 /* PBXTargetDependency */,
			);
			name = MFWebSocketUITests;
			productName = MFWebSocketUITests;
			productReference = EAB49B7121B1358A00624D05 /* MFWebSocketUITests.xctest */;
			productType = "com.apple.product-type.bundle.ui-testing";
		};
/* End PBXNativeTarget section */

/* Begin PBXProject section */
		EAB49B4621B1358900624D05 /* Project object */ = {
			isa = PBXProject;
			attributes = {
				LastUpgradeCheck = 1010;
				ORGANIZATIONNAME = meetfuture;
				TargetAttributes = {
					EAB49B4D21B1358900624D05 = {
						CreatedOnToolsVersion = 10.1;
					};
					EAB49B6521B1358A00624D05 = {
						CreatedOnToolsVersion = 10.1;
						TestTargetID = EAB49B4D21B1358900624D05;
					};
					EAB49B7021B1358A00624D05 = {
						CreatedOnToolsVersion = 10.1;
						TestTargetID = EAB49B4D21B1358900624D05;
					};
				};
			};
			buildConfigurationList = EAB49B4921B1358900624D05 /* Build configuration list for PBXProject "MFWebSocket" */;
			compatibilityVersion = "Xcode 9.3";
			developmentRegion = en;
			hasScannedForEncodings = 0;
			knownRegions = (
				en,
				Base,
			);
			mainGroup = EAB49B4521B1358900624D05;
			productRefGroup = EAB49B4F21B1358900624D05 /* Products */;
			projectDirPath = "";
			projectRoot = "";
			targets = (
				EAB49B4D21B1358900624D05 /* MFWebSocket */,
				EAB49B6521B1358A00624D05 /* MFWebSocketTests */,
				EAB49B7021B1358A00624D05 /* MFWebSocketUITests */,
			);
		};
/* End PBXProject section */

/* Begin PBXResourcesBuildPhase section */
		EAB49B4C21B1358900624D05 /* Resources */ = {
			isa = PBXResourcesBuildPhase;
			buildActionMask = 2147483647;
			files = (
				EAB49B5E21B1358A00624D05 /* LaunchScreen.storyboard in Resources */,
				EAB49B5B21B1358A00624D05 /* Assets.xcassets in Resources */,
				EAB49B5921B1358900624D05 /* Main.storyboard in Resources */,
			);
			runOnlyForDeploymentPostprocessing = 0;
		};
		EAB49B6421B1358A00624D05 /* Resources */ = {
			isa = PBXResourcesBuildPhase;
			buildActionMask = 2147483647;
			files = (
			);
			runOnlyForDeploymentPostprocessing = 0;
		};
		EAB49B6F21B1358A00624D05 /* Resources */ = {
			isa = PBXResourcesBuildPhase;
			buildActionMask = 2147483647;
			files = (
			);
			runOnlyForDeploymentPostprocessing = 0;
		};
/* End PBXResourcesBuildPhase section */

/* Begin PBXSourcesBuildPhase section */
		EAB49B4A21B1358900624D05 /* Sources */ = {
			isa = PBXSourcesBuildPhase;
			buildActionMask = 2147483647;
			files = (
				EAB49B8621B135E800624D05 /* MFWebSocketManager.m in Sources */,
				EAB49B5621B1358900624D05 /* ViewController.m in Sources */,
				EAB49B6121B1358A00624D05 /* main.m in Sources */,
				EAB49B5321B1358900624D05 /* AppDelegate.m in Sources */,
			);
			runOnlyForDeploymentPostprocessing = 0;
		};
		EAB49B6221B1358A00624D05 /* Sources */ = {
			isa = PBXSourcesBuildPhase;
			buildActionMask = 2147483647;
			files = (
				EAB49B6B21B1358A00624D05 /* MFWebSocketTests.m in Sources */,
			);
			runOnlyForDeploymentPostprocessing = 0;
		};
		EAB49B6D21B1358A00624D05 /* Sources */ = {
			isa = PBXSourcesBuildPhase;
			buildActionMask = 2147483647;
			files = (
				EAB49B7621B1358A00624D05 /* MFWebSocketUITests.m in Sources */,
			);
			runOnlyForDeploymentPostprocessing = 0;
		};
/* End PBXSourcesBuildPhase section */

/* Begin PBXTargetDependency section */
		EAB49B6821B1358A00624D05 /* PBXTargetDependency */ = {
			isa = PBXTargetDependency;
			target = EAB49B4D21B1358900624D05 /* MFWebSocket */;
			targetProxy = EAB49B6721B1358A00624D05 /* PBXContainerItemProxy */;
		};
		EAB49B7321B1358A00624D05 /* PBXTargetDependency */ = {
			isa = PBXTargetDependency;
			target = EAB49B4D21B1358900624D05 /* MFWebSocket */;
			targetProxy = EAB49B7221B1358A00624D05 /* PBXContainerItemProxy */;
		};
/* End PBXTargetDependency section */

/* Begin PBXVariantGroup section */
		EAB49B5721B1358900624D05 /* Main.storyboard */ = {
			isa = PBXVariantGroup;
			children = (
				EAB49B5821B1358900624D05 /* Base */,
			);
			name = Main.storyboard;
			sourceTree = "<group>";
		};
		EAB49B5C21B1358A00624D05 /* LaunchScreen.storyboard */ = {
			isa = PBXVariantGroup;
			children = (
				EAB49B5D21B1358A00624D05 /* Base */,
			);
			name = LaunchScreen.storyboard;
			sourceTree = "<group>";
		};
/* End PBXVariantGroup section */

/* Begin XCBuildConfiguration section */
		EAB49B7821B1358A00624D05 /* Debug */ = {
			isa = XCBuildConfiguration;
			buildSettings = {
				ALWAYS_SEARCH_USER_PATHS = NO;
				CLANG_ANALYZER_NONNULL = YES;
				CLANG_ANALYZER_NUMBER_OBJECT_CONVERSION = YES_AGGRESSIVE;
				CLANG_CXX_LANGUAGE_STANDARD = "gnu++14";
				CLANG_CXX_LIBRARY = "libc++";
				CLANG_ENABLE_MODULES = YES;
				CLANG_ENABLE_OBJC_ARC = YES;
				CLANG_ENABLE_OBJC_WEAK = YES;
				CLANG_WARN_BLOCK_CAPTURE_AUTORELEASING = YES;
				CLANG_WARN_BOOL_CONVERSION = YES;
				CLANG_WARN_COMMA = YES;
				CLANG_WARN_CONSTANT_CONVERSION = YES;
				CLANG_WARN_DEPRECATED_OBJC_IMPLEMENTATIONS = YES;
				CLANG_WARN_DIRECT_OBJC_ISA_USAGE = YES_ERROR;
				CLANG_WARN_DOCUMENTATION_COMMENTS = YES;
				CLANG_WARN_EMPTY_BODY = YES;
				CLANG_WARN_ENUM_CONVERSION = YES;
				CLANG_WARN_INFINITE_RECURSION = YES;
				CLANG_WARN_INT_CONVERSION = YES;
				CLANG_WARN_NON_LITERAL_NULL_CONVERSION = YES;
				CLANG_WARN_OBJC_IMPLICIT_RETAIN_SELF = YES;
				CLANG_WARN_OBJC_LITERAL_CONVERSION = YES;
				CLANG_WARN_OBJC_ROOT_CLASS = YES_ERROR;
				CLANG_WARN_RANGE_LOOP_ANALYSIS = YES;
				CLANG_WARN_STRICT_PROTOTYPES = YES;
				CLANG_WARN_SUSPICIOUS_MOVE = YES;
				CLANG_WARN_UNGUARDED_AVAILABILITY = YES_AGGRESSIVE;
				CLANG_WARN_UNREACHABLE_CODE = YES;
				CLANG_WARN__DUPLICATE_METHOD_MATCH = YES;
				CODE_SIGN_IDENTITY = "iPhone Developer";
				COPY_PHASE_STRIP = NO;
				DEBUG_INFORMATION_FORMAT = dwarf;
				ENABLE_STRICT_OBJC_MSGSEND = YES;
				ENABLE_TESTABILITY = YES;
				GCC_C_LANGUAGE_STANDARD = gnu11;
				GCC_DYNAMIC_NO_PIC = NO;
				GCC_NO_COMMON_BLOCKS = YES;
				GCC_OPTIMIZATION_LEVEL = 0;
				GCC_PREPROCESSOR_DEFINITIONS = (
					"DEBUG=1",
					"$(inherited)",
				);
				GCC_WARN_64_TO_32_BIT_CONVERSION = YES;
				GCC_WARN_ABOUT_RETURN_TYPE = YES_ERROR;
				GCC_WARN_UNDECLARED_SELECTOR = YES;
				GCC_WARN_UNINITIALIZED_AUTOS = YES_AGGRESSIVE;
				GCC_WARN_UNUSED_FUNCTION = YES;
				GCC_WARN_UNUSED_VARIABLE = YES;
				IPHONEOS_DEPLOYMENT_TARGET = 12.1;
				MTL_ENABLE_DEBUG_INFO = INCLUDE_SOURCE;
				MTL_FAST_MATH = YES;
				ONLY_ACTIVE_ARCH = YES;
				SDKROOT = iphoneos;
			};
			name = Debug;
		};
		EAB49B7921B1358A00624D05 /* Release */ = {
			isa = XCBuildConfiguration;
			buildSettings = {
				ALWAYS_SEARCH_USER_PATHS = NO;
				CLANG_ANALYZER_NONNULL = YES;
				CLANG_ANALYZER_NUMBER_OBJECT_CONVERSION = YES_AGGRESSIVE;
				CLANG_CXX_LANGUAGE_STANDARD = "gnu++14";
				CLANG_CXX_LIBRARY = "libc++";
				CLANG_ENABLE_MODULES = YES;
				CLANG_ENABLE_OBJC_ARC = YES;
				CLANG_ENABLE_OBJC_WEAK = YES;
				CLANG_WARN_BLOCK_CAPTURE_AUTORELEASING = YES;
				CLANG_WARN_BOOL_CONVERSION = YES;
				CLANG_WARN_COMMA = YES;
				CLANG_WARN_CONSTANT_CONVERSION = YES;
				CLANG_WARN_DEPRECATED_OBJC_IMPLEMENTATIONS = YES;
				CLANG_WARN_DIRECT_OBJC_ISA_USAGE = YES_ERROR;
				CLANG_WARN_DOCUMENTATION_COMMENTS = YES;
				CLANG_WARN_EMPTY_BODY = YES;
				CLANG_WARN_ENUM_CONVERSION = YES;
				CLANG_WARN_INFINITE_RECURSION = YES;
				CLANG_WARN_INT_CONVERSION = YES;
				CLANG_WARN_NON_LITERAL_NULL_CONVERSION = YES;
				CLANG_WARN_OBJC_IMPLICIT_RETAIN_SELF = YES;
				CLANG_WARN_OBJC_LITERAL_CONVERSION = YES;
				CLANG_WARN_OBJC_ROOT_CLASS = YES_ERROR;
				CLANG_WARN_RANGE_LOOP_ANALYSIS = YES;
				CLANG_WARN_STRICT_PROTOTYPES = YES;
				CLANG_WARN_SUSPICIOUS_MOVE = YES;
				CLANG_WARN_UNGUARDED_AVAILABILITY = YES_AGGRESSIVE;
				CLANG_WARN_UNREACHABLE_CODE = YES;
				CLANG_WARN__DUPLICATE_METHOD_MATCH = YES;
				CODE_SIGN_IDENTITY = "iPhone Developer";
				COPY_PHASE_STRIP = NO;
				DEBUG_INFORMATION_FORMAT = "dwarf-with-dsym";
				ENABLE_NS_ASSERTIONS = NO;
				ENABLE_STRICT_OBJC_MSGSEND = YES;
				GCC_C_LANGUAGE_STANDARD = gnu11;
				GCC_NO_COMMON_BLOCKS = YES;
				GCC_WARN_64_TO_32_BIT_CONVERSION = YES;
				GCC_WARN_ABOUT_RETURN_TYPE = YES_ERROR;
				GCC_WARN_UNDECLARED_SELECTOR = YES;
				GCC_WARN_UNINITIALIZED_AUTOS = YES_AGGRESSIVE;
				GCC_WARN_UNUSED_FUNCTION = YES;
				GCC_WARN_UNUSED_VARIABLE = YES;
				IPHONEOS_DEPLOYMENT_TARGET = 12.1;
				MTL_ENABLE_DEBUG_INFO = NO;
				MTL_FAST_MATH = YES;
				SDKROOT = iphoneos;
				VALIDATE_PRODUCT = YES;
			};
			name = Release;
		};
		EAB49B7B21B1358A00624D05 /* Debug */ = {
			isa = XCBuildConfiguration;
			buildSettings = {
				ASSETCATALOG_COMPILER_APPICON_NAME = AppIcon;
				CODE_SIGN_STYLE = Automatic;
				INFOPLIST_FILE = MFWebSocket/Info.plist;
				LD_RUNPATH_SEARCH_PATHS = (
					"$(inherited)",
					"@executable_path/Frameworks",
				);
				PRODUCT_BUNDLE_IDENTIFIER = com.meetfuture.MFWebSocket;
				PRODUCT_NAME = "$(TARGET_NAME)";
				TARGETED_DEVICE_FAMILY = "1,2";
			};
			name = Debug;
		};
		EAB49B7C21B1358A00624D05 /* Release */ = {
			isa = XCBuildConfiguration;
			buildSettings = {
				ASSETCATALOG_COMPILER_APPICON_NAME = AppIcon;
				CODE_SIGN_STYLE = Automatic;
				INFOPLIST_FILE = MFWebSocket/Info.plist;
				LD_RUNPATH_SEARCH_PATHS = (
					"$(inherited)",
					"@executable_path/Frameworks",
				);
				PRODUCT_BUNDLE_IDENTIFIER = com.meetfuture.MFWebSocket;
				PRODUCT_NAME = "$(TARGET_NAME)";
				TARGETED_DEVICE_FAMILY = "1,2";
			};
			name = Release;
		};
		EAB49B7E21B1358A00624D05 /* Debug */ = {
			isa = XCBuildConfiguration;
			buildSettings = {
				BUNDLE_LOADER = "$(TEST_HOST)";
				CODE_SIGN_STYLE = Automatic;
				INFOPLIST_FILE = MFWebSocketTests/Info.plist;
				LD_RUNPATH_SEARCH_PATHS = (
					"$(inherited)",
					"@executable_path/Frameworks",
					"@loader_path/Frameworks",
				);
				PRODUCT_BUNDLE_IDENTIFIER = com.meetfuture.MFWebSocketTests;
				PRODUCT_NAME = "$(TARGET_NAME)";
				TARGETED_DEVICE_FAMILY = "1,2";
				TEST_HOST = "$(BUILT_PRODUCTS_DIR)/MFWebSocket.app/MFWebSocket";
			};
			name = Debug;
		};
		EAB49B7F21B1358A00624D05 /* Release */ = {
			isa = XCBuildConfiguration;
			buildSettings = {
				BUNDLE_LOADER = "$(TEST_HOST)";
				CODE_SIGN_STYLE = Automatic;
				INFOPLIST_FILE = MFWebSocketTests/Info.plist;
				LD_RUNPATH_SEARCH_PATHS = (
					"$(inherited)",
					"@executable_path/Frameworks",
					"@loader_path/Frameworks",
				);
				PRODUCT_BUNDLE_IDENTIFIER = com.meetfuture.MFWebSocketTests;
				PRODUCT_NAME = "$(TARGET_NAME)";
				TARGETED_DEVICE_FAMILY = "1,2";
				TEST_HOST = "$(BUILT_PRODUCTS_DIR)/MFWebSocket.app/MFWebSocket";
			};
			name = Release;
		};
		EAB49B8121B1358A00624D05 /* Debug */ = {
			isa = XCBuildConfiguration;
			buildSettings = {
				CODE_SIGN_STYLE = Automatic;
				INFOPLIST_FILE = MFWebSocketUITests/Info.plist;
				LD_RUNPATH_SEARCH_PATHS = (
					"$(inherited)",
					"@executable_path/Frameworks",
					"@loader_path/Frameworks",
				);
				PRODUCT_BUNDLE_IDENTIFIER = com.meetfuture.MFWebSocketUITests;
				PRODUCT_NAME = "$(TARGET_NAME)";
				TARGETED_DEVICE_FAMILY = "1,2";
				TEST_TARGET_NAME = MFWebSocket;
			};
			name = Debug;
		};
		EAB49B8221B1358A00624D05 /* Release */ = {
			isa = XCBuildConfiguration;
			buildSettings = {
				CODE_SIGN_STYLE = Automatic;
				INFOPLIST_FILE = MFWebSocketUITests/Info.plist;
				LD_RUNPATH_SEARCH_PATHS = (
					"$(inherited)",
					"@executable_path/Frameworks",
					"@loader_path/Frameworks",
				);
				PRODUCT_BUNDLE_IDENTIFIER = com.meetfuture.MFWebSocketUITests;
				PRODUCT_NAME = "$(TARGET_NAME)";
				TARGETED_DEVICE_FAMILY = "1,2";
				TEST_TARGET_NAME = MFWebSocket;
			};
			name = Release;
		};
/* End XCBuildConfiguration section */

/* Begin XCConfigurationList section */
		EAB49B4921B1358900624D05 /* Build configuration list for PBXProject "MFWebSocket" */ = {
			isa = XCConfigurationList;
			buildConfigurations = (
				EAB49B7821B1358A00624D05 /* Debug */,
				EAB49B7921B1358A00624D05 /* Release */,
			);
			defaultConfigurationIsVisible = 0;
			defaultConfigurationName = Release;
		};
		EAB49B7A21B1358A00624D05 /* Build configuration list for PBXNativeTarget "MFWebSocket" */ = {
			isa = XCConfigurationList;
			buildConfigurations = (
				EAB49B7B21B1358A00624D05 /* Debug */,
				EAB49B7C21B1358A00624D05 /* Release */,
			);
			defaultConfigurationIsVisible = 0;
			defaultConfigurationName = Release;
		};
		EAB49B7D21B1358A00624D05 /* Build configuration list for PBXNativeTarget "MFWebSocketTests" */ = {
			isa = XCConfigurationList;
			buildConfigurations = (
				EAB49B7E21B1358A00624D05 /* Debug */,
				EAB49B7F21B1358A00624D05 /* Release */,
			);
			defaultConfigurationIsVisible = 0;
			defaultConfigurationName = Release;
		};
		EAB49B8021B1358A00624D05 /* Build configuration list for PBXNativeTarget "MFWebSocketUITests" */ = {
			isa = XCConfigurationList;
			buildConfigurations = (
				EAB49B8121B1358A00624D05 /* Debug */,
				EAB49B8221B1358A00624D05 /* Release */,
			);
			defaultConfigurationIsVisible = 0;
			defaultConfigurationName = Release;
		};
/* End XCConfigurationList section */
	};
	rootObject = EAB49B4621B1358900624D05 /* Project object */;
}
